
Microsoft Visual Studio Solution File, Format Version 12.00
# Visual Studio Version 17
VisualStudioVersion = 17.5.33516.290
MinimumVisualStudioVersion = 10.0.40219.1
Project("{8BC9CEB8-8B4A-11D0-8D11-00A0C91BC942}") = "StreamReaderWriter", "StreamReaderWriter\StreamReaderWriter.vcxproj", "{5A1A8FFB-2736-4CF7-8D0E-F6918E517ED7}"
EndProject
Project("{8BC9CEB8-8B4A-11D0-8D11-00A0C91BC942}") = "ioFileWriterPath", "ioFileWriterPath\ioFileWriterPath.vcxproj", "{A4FEE4B3-F12E-43BA-B185-29B4D68F2F9A}"
EndProject
Project("{8BC9CEB8-8B4A-11D0-8D11-00A0C91BC942}") = "manualexeption", "manualexeption\manualexeption.vcxproj", "{77F45CD3-C0B0-4088-8D01-E6498EC4021C}"
EndProject
Project("{8BC9CEB8-8B4A-11D0-8D11-00A0C91BC942}") = "exeptionstandart", "exeptionstandart\exeptionstandart.vcxproj", "{FD31C608-2066-4254-910C-57E65CCB9B76}"
EndProject
Global
	GlobalSection(SolutionConfigurationPlatforms) = preSolution
		Debug|x64 = Debug|x64
		Debug|x86 = Debug|x86
		Release|x64 = Release|x64
		Release|x86 = Release|x86
	EndGlobalSection
	GlobalSection(ProjectConfigurationPlatforms) = postSolution
		{5A1A8FFB-2736-4CF7-8D0E-F6918E517ED7}.Debug|x64.ActiveCfg = Debug|x64
		{5A1A8FFB-2736-4CF7-8D0E-F6918E517ED7}.Debug|x64.Build.0 = Debug|x64
		{5A1A8FFB-2736-4CF7-8D0E-F6918E517ED7}.Debug|x86.ActiveCfg = Debug|Win32
		{5A1A8FFB-2736-4CF7-8D0E-F6918E517ED7}.Debug|x86.Build.0 = Debug|Win32
		{5A1A8FFB-2736-4CF7-8D0E-F6918E517ED7}.Release|x64.ActiveCfg = Release|x64
		{5A1A8FFB-2736-4CF7-8D0E-F6918E517ED7}.Release|x64.Build.0 = Release|x64
		{5A1A8FFB-2736-4CF7-8D0E-F6918E517ED7}.Release|x86.ActiveCfg = Release|Win32
		{5A1A8FFB-2736-4CF7-8D0E-F6918E517ED7}.Release|x86.Build.0 = Release|Win32
		{A4FEE4B3-F12E-43BA-B185-29B4D68F2F9A}.Debug|x64.ActiveCfg = Debug|x64
		{A4FEE4B3-F12E-43BA-B185-29B4D68F2F9A}.Debug|x64.Build.0 = Debug|x64
		{A4FEE4B3-F12E-43BA-B185-29B4D68F2F9A}.Debug|x86.ActiveCfg = Debug|Win32
		{A4FEE4B3-F12E-43BA-B185-29B4D68F2F9A}.Debug|x86.Build.0 = Debug|Win32
		{A4FEE4B3-F12E-43BA-B185-29B4D68F2F9A}.Release|x64.ActiveCfg = Release|x64
		{A4FEE4B3-F12E-43BA-B185-29B4D68F2F9A}.Release|x64.Build.0 = Release|x64
		{A4FEE4B3-F12E-43BA-B185-29B4D68F2F9A}.Release|x86.ActiveCfg = Release|Win32
		{A4FEE4B3-F12E-43BA-B185-29B4D68F2F9A}.Release|x86.Build.0 = Release|Win32
		{77F45CD3-C0B0-4088-8D01-E6498EC4021C}.Debug|x64.ActiveCfg = Debug|x64
		{77F45CD3-C0B0-4088-8D01-E6498EC4021C}.Debug|x64.Build.0 = Debug|x64
		{77F45CD3-C0B0-4088-8D01-E6498EC4021C}.Debug|x86.ActiveCfg = Debug|Win32
		{77F45CD3-C0B0-4088-8D01-E6498EC4021C}.Debug|x86.Build.0 = Debug|Win32
		{77F45CD3-C0B0-4088-8D01-E6498EC4021C}.Release|x64.ActiveCfg = Release|x64
		{77F45CD3-C0B0-4088-8D01-E6498EC4021C}.Release|x64.Build.0 = Release|x64
		{77F45CD3-C0B0-4088-8D01-E6498EC4021C}.Release|x86.ActiveCfg = Release|Win32
		{77F45CD3-C0B0-4088-8D01-E6498EC4021C}.Release|x86.Build.0 = Release|Win32
		{FD31C608-2066-4254-910C-57E65CCB9B76}.Debug|x64.ActiveCfg = Debug|x64
		{FD31C608-2066-4254-910C-57E65CCB9B76}.Debug|x64.Build.0 = Debug|x64
		{FD31C608-2066-4254-910C-57E65CCB9B76}.Debug|x86.ActiveCfg = Debug|Win32
		{FD31C608-2066-4254-910C-57E65CCB9B76}.Debug|x86.Build.0 = Debug|Win32
		{FD31C608-2066-4254-910C-57E65CCB9B76}.Release|x64.ActiveCfg = Release|x64
		{FD31C608-2066-4254-910C-57E65CCB9B76}.Release|x64.Build.0 = Release|x64
		{FD31C608-2066-4254-910C-57E65CCB9B76}.Release|x86.ActiveCfg = Release|Win32
		{FD31C608-2066-4254-910C-57E65CCB9B76}.Release|x86.Build.0 = Release|Win32
	EndGlobalSection
	GlobalSection(SolutionProperties) = preSolution
		HideSolutionNode = FALSE
	EndGlobalSection
	GlobalSection(ExtensibilityGlobals) = postSolution
		SolutionGuid = {C91325FE-DDB6-4512-A2B6-7D4D1EE0B495}
	EndGlobalSection
EndGlobal
